// !$*UTF8*$!
{
	archiveVersion = 1;
	classes = {
	};
	objectVersion = 50;
	objects = {

/* Begin PBXBuildFile section */
		ACACB5A524FEC56000FF1D42 /* AppDelegate.swift in Sources */ = {isa = PBXBuildFile; fileRef = ACACB5A424FEC56000FF1D42 /* AppDelegate.swift */; };
		ACACB5A724FEC56000FF1D42 /* SceneDelegate.swift in Sources */ = {isa = PBXBuildFile; fileRef = ACACB5A624FEC56000FF1D42 /* SceneDelegate.swift */; };
		ACACB5A924FEC56000FF1D42 /* ViewController.swift in Sources */ = {isa = PBXBuildFile; fileRef = ACACB5A824FEC56000FF1D42 /* ViewController.swift */; };
		ACACB5AC24FEC56000FF1D42 /* Main.storyboard in Resources */ = {isa = PBXBuildFile; fileRef = ACACB5AA24FEC56000FF1D42 /* Main.storyboard */; };
		ACACB5AE24FEC56300FF1D42 /* Assets.xcassets in Resources */ = {isa = PBXBuildFile; fileRef = ACACB5AD24FEC56300FF1D42 /* Assets.xcassets */; };
		ACACB5B124FEC56300FF1D42 /* LaunchScreen.storyboard in Resources */ = {isa = PBXBuildFile; fileRef = ACACB5AF24FEC56300FF1D42 /* LaunchScreen.storyboard */; };
		ACACB5BC24FEC56300FF1D42 /* CalcNowTests.swift in Sources */ = {isa = PBXBuildFile; fileRef = ACACB5BB24FEC56300FF1D42 /* CalcNowTests.swift */; };
		ACACB5C724FEC56300FF1D42 /* CalcNowUITests.swift in Sources */ = {isa = PBXBuildFile; fileRef = ACACB5C624FEC56300FF1D42 /* CalcNowUITests.swift */; };
/* End PBXBuildFile section */

/* Begin PBXContainerItemProxy section */
		ACACB5B824FEC56300FF1D42 /* PBXContainerItemProxy */ = {
			isa = PBXContainerItemProxy;
			containerPortal = ACACB59924FEC56000FF1D42 /* Project object */;
			proxyType = 1;
			remoteGlobalIDString = ACACB5A024FEC56000FF1D42;
			remoteInfo = CalcNow;
		};
		ACACB5C324FEC56300FF1D42 /* PBXContainerItemProxy */ = {
			isa = PBXContainerItemProxy;
			containerPortal = ACACB59924FEC56000FF1D42 /* Project object */;
			proxyType = 1;
			remoteGlobalIDString = ACACB5A024FEC56000FF1D42;
			remoteInfo = CalcNow;
		};
/* End PBXContainerItemProxy section */

/* Begin PBXFileReference section */
		ACACB5A124FEC56000FF1D42 /* CalcNow.app */ = {isa = PBXFileReference; explicitFileType = wrapper.application; includeInIndex = 0; path = CalcNow.app; sourceTree = BUILT_PRODUCTS_DIR; };
		ACACB5A424FEC56000FF1D42 /* AppDelegate.swift */ = {isa = PBXFileReference; lastKnownFileType = sourcecode.swift; path = AppDelegate.swift; sourceTree = "<group>"; };
		ACACB5A624FEC56000FF1D42 /* SceneDelegate.swift */ = {isa = PBXFileReference; lastKnownFileType = sourcecode.swift; path = SceneDelegate.swift; sourceTree = "<group>"; };
		ACACB5A824FEC56000FF1D42 /* ViewController.swift */ = {isa = PBXFileReference; lastKnownFileType = sourcecode.swift; path = ViewController.swift; sourceTree = "<group>"; };
		ACACB5AB24FEC56000FF1D42 /* Base */ = {isa = PBXFileReference; lastKnownFileType = file.storyboard; name = Base; path = Base.lproj/Main.storyboard; sourceTree = "<group>"; };
		ACACB5AD24FEC56300FF1D42 /* Assets.xcassets */ = {isa = PBXFileReference; lastKnownFileType = folder.assetcatalog; path = Assets.xcassets; sourceTree = "<group>"; };
		ACACB5B024FEC56300FF1D42 /* Base */ = {isa = PBXFileReference; lastKnownFileType = file.storyboard; name = Base; path = Base.lproj/LaunchScreen.storyboard; sourceTree = "<group>"; };
		ACACB5B224FEC56300FF1D42 /* Info.plist */ = {isa = PBXFileReference; lastKnownFileType = text.plist.xml; path = Info.plist; sourceTree = "<group>"; };
		ACACB5B724FEC56300FF1D42 /* CalcNowTests.xctest */ = {isa = PBXFileReference; explicitFileType = wrapper.cfbundle; includeInIndex = 0; path = CalcNowTests.xctest; sourceTree = BUILT_PRODUCTS_DIR; };
		ACACB5BB24FEC56300FF1D42 /* CalcNowTests.swift */ = {isa = PBXFileReference; lastKnownFileType = sourcecode.swift; path = CalcNowTests.swift; sourceTree = "<group>"; };
		ACACB5BD24FEC56300FF1D42 /* Info.plist */ = {isa = PBXFileReference; lastKnownFileType = text.plist.xml; path = Info.plist; sourceTree = "<group>"; };
		ACACB5C224FEC56300FF1D42 /* CalcNowUITests.xctest */ = {isa = PBXFileReference; explicitFileType = wrapper.cfbundle; includeInIndex = 0; path = CalcNowUITests.xctest; sourceTree = BUILT_PRODUCTS_DIR; };
		ACACB5C624FEC56300FF1D42 /* CalcNowUITests.swift */ = {isa = PBXFileReference; lastKnownFileType = sourcecode.swift; path = CalcNowUITests.swift; sourceTree = "<group>"; };
		ACACB5C824FEC56300FF1D42 /* Info.plist */ = {isa = PBXFileReference; lastKnownFileType = text.plist.xml; path = Info.plist; sourceTree = "<group>"; };
/* End PBXFileReference section */

/* Begin PBXFrameworksBuildPhase section */
		ACACB59E24FEC56000FF1D42 /* Frameworks */ = {
			isa = PBXFrameworksBuildPhase;
			buildActionMask = 2147483647;
			files = (
			);
			runOnlyForDeploymentPostprocessing = 0;
		};
		ACACB5B424FEC56300FF1D42 /* Frameworks */ = {
			isa = PBXFrameworksBuildPhase;
			buildActionMask = 2147483647;
			files = (
			);
			runOnlyForDeploymentPostprocessing = 0;
		};
		ACACB5BF24FEC56300FF1D42 /* Frameworks */ = {
			isa = PBXFrameworksBuildPhase;
			buildActionMask = 2147483647;
			files = (
			);
			runOnlyForDeploymentPostprocessing = 0;
		};
/* End PBXFrameworksBuildPhase section */

/* Begin PBXGroup section */
		ACACB59824FEC56000FF1D42 = {
			isa = PBXGroup;
			children = (
				ACACB5A324FEC56000FF1D42 /* CalcNow */,
				ACACB5BA24FEC56300FF1D42 /* CalcNowTests */,
				ACACB5C524FEC56300FF1D42 /* CalcNowUITests */,
				ACACB5A224FEC56000FF1D42 /* Products */,
			);
			sourceTree = "<group>";
		};
		ACACB5A224FEC56000FF1D42 /* Products */ = {
			isa = PBXGroup;
			children = (
				ACACB5A124FEC56000FF1D42 /* CalcNow.app */,
				ACACB5B724FEC56300FF1D42 /* CalcNowTests.xctest */,
				ACACB5C224FEC56300FF1D42 /* CalcNowUITests.xctest */,
			);
			name = Products;
			sourceTree = "<group>";
		};
		ACACB5A324FEC56000FF1D42 /* CalcNow */ = {
			isa = PBXGroup;
			children = (
				ACACB5A424FEC56000FF1D42 /* AppDelegate.swift */,
				ACACB5A624FEC56000FF1D42 /* SceneDelegate.swift */,
				ACACB5A824FEC56000FF1D42 /* ViewController.swift */,
				ACACB5AA24FEC56000FF1D42 /* Main.storyboard */,
				ACACB5AD24FEC56300FF1D42 /* Assets.xcassets */,
				ACACB5AF24FEC56300FF1D42 /* LaunchScreen.storyboard */,
				ACACB5B224FEC56300FF1D42 /* Info.plist */,
			);
			path = CalcNow;
			sourceTree = "<group>";
		};
		ACACB5BA24FEC56300FF1D42 /* CalcNowTests */ = {
			isa = PBXGroup;
			children = (
				ACACB5BB24FEC56300FF1D42 /* CalcNowTests.swift */,
				ACACB5BD24FEC56300FF1D42 /* Info.plist */,
			);
			path = CalcNowTests;
			sourceTree = "<group>";
		};
		ACACB5C524FEC56300FF1D42 /* CalcNowUITests */ = {
			isa = PBXGroup;
			children = (
				ACACB5C624FEC56300FF1D42 /* CalcNowUITests.swift */,
				ACACB5C824FEC56300FF1D42 /* Info.plist */,
			);
			path = CalcNowUITests;
			sourceTree = "<group>";
		};
/* End PBXGroup section */

/* Begin PBXNativeTarget section */
		ACACB5A024FEC56000FF1D42 /* CalcNow */ = {
			isa = PBXNativeTarget;
			buildConfigurationList = ACACB5CB24FEC56300FF1D42 /* Build configuration list for PBXNativeTarget "CalcNow" */;
			buildPhases = (
				ACACB59D24FEC56000FF1D42 /* Sources */,
				ACACB59E24FEC56000FF1D42 /* Frameworks */,
				ACACB59F24FEC56000FF1D42 /* Resources */,
			);
			buildRules = (
			);
			dependencies = (
			);
			name = CalcNow;
			productName = CalcNow;
			productReference = ACACB5A124FEC56000FF1D42 /* CalcNow.app */;
			productType = "com.apple.product-type.application";
		};
		ACACB5B624FEC56300FF1D42 /* CalcNowTests */ = {
			isa = PBXNativeTarget;
			buildConfigurationList = ACACB5CE24FEC56300FF1D42 /* Build configuration list for PBXNativeTarget "CalcNowTests" */;
			buildPhases = (
				ACACB5B324FEC56300FF1D42 /* Sources */,
				ACACB5B424FEC56300FF1D42 /* Frameworks */,
				ACACB5B524FEC56300FF1D42 /* Resources */,
			);
			buildRules = (
			);
			dependencies = (
				ACACB5B924FEC56300FF1D42 /* PBXTargetDependency */,
			);
			name = CalcNowTests;
			productName = CalcNowTests;
			productReference = ACACB5B724FEC56300FF1D42 /* CalcNowTests.xctest */;
			productType = "com.apple.product-type.bundle.unit-test";
		};
		ACACB5C124FEC56300FF1D42 /* CalcNowUITests */ = {
			isa = PBXNativeTarget;
			buildConfigurationList = ACACB5D124FEC56300FF1D42 /* Build configuration list for PBXNativeTarget "CalcNowUITests" */;
			buildPhases = (
				ACACB5BE24FEC56300FF1D42 /* Sources */,
				ACACB5BF24FEC56300FF1D42 /* Frameworks */,
				ACACB5C024FEC56300FF1D42 /* Resources */,
			);
			buildRules = (
			);
			dependencies = (
				ACACB5C424FEC56300FF1D42 /* PBXTargetDependency */,
			);
			name = CalcNowUITests;
			productName = CalcNowUITests;
			productReference = ACACB5C224FEC56300FF1D42 /* CalcNowUITests.xctest */;
			productType = "com.apple.product-type.bundle.ui-testing";
		};
/* End PBXNativeTarget section */

/* Begin PBXProject section */
		ACACB59924FEC56000FF1D42 /* Project object */ = {
			isa = PBXProject;
			attributes = {
				LastSwiftUpdateCheck = 1160;
				LastUpgradeCheck = 1160;
				ORGANIZATIONNAME = "Filippo Fonseca";
				TargetAttributes = {
					ACACB5A024FEC56000FF1D42 = {
						CreatedOnToolsVersion = 11.6;
					};
					ACACB5B624FEC56300FF1D42 = {
						CreatedOnToolsVersion = 11.6;
						TestTargetID = ACACB5A024FEC56000FF1D42;
					};
					ACACB5C124FEC56300FF1D42 = {
						CreatedOnToolsVersion = 11.6;
						TestTargetID = ACACB5A024FEC56000FF1D42;
					};
				};
			};
			buildConfigurationList = ACACB59C24FEC56000FF1D42 /* Build configuration list for PBXProject "CalcNow" */;
			compatibilityVersion = "Xcode 9.3";
			developmentRegion = en;
			hasScannedForEncodings = 0;
			knownRegions = (
				en,
				Base,
			);
			mainGroup = ACACB59824FEC56000FF1D42;
			productRefGroup = ACACB5A224FEC56000FF1D42 /* Products */;
			projectDirPath = "";
			projectRoot = "";
			targets = (
				ACACB5A024FEC56000FF1D42 /* CalcNow */,
				ACACB5B624FEC56300FF1D42 /* CalcNowTests */,
				ACACB5C124FEC56300FF1D42 /* CalcNowUITests */,
			);
		};
/* End PBXProject section */

/* Begin PBXResourcesBuildPhase section */
		ACACB59F24FEC56000FF1D42 /* Resources */ = {
			isa = PBXResourcesBuildPhase;
			buildActionMask = 2147483647;
			files = (
				ACACB5B124FEC56300FF1D42 /* LaunchScreen.storyboard in Resources */,
				ACACB5AE24FEC56300FF1D42 /* Assets.xcassets in Resources */,
				ACACB5AC24FEC56000FF1D42 /* Main.storyboard in Resources */,
			);
			runOnlyForDeploymentPostprocessing = 0;
		};
		ACACB5B524FEC56300FF1D42 /* Resources */ = {
			isa = PBXResourcesBuildPhase;
			buildActionMask = 2147483647;
			files = (
			);
			runOnlyForDeploymentPostprocessing = 0;
		};
		ACACB5C024FEC56300FF1D42 /* Resources */ = {
			isa = PBXResourcesBuildPhase;
			buildActionMask = 2147483647;
			files = (
			);
			runOnlyForDeploymentPostprocessing = 0;
		};
/* End PBXResourcesBuildPhase section */

/* Begin PBXSourcesBuildPhase section */
		ACACB59D24FEC56000FF1D42 /* Sources */ = {
			isa = PBXSourcesBuildPhase;
			buildActionMask = 2147483647;
			files = (
				ACACB5A924FEC56000FF1D42 /* ViewController.swift in Sources */,
				ACACB5A524FEC56000FF1D42 /* AppDelegate.swift in Sources */,
				ACACB5A724FEC56000FF1D42 /* SceneDelegate.swift in Sources */,
			);
			runOnlyForDeploymentPostprocessing = 0;
		};
		ACACB5B324FEC56300FF1D42 /* Sources */ = {
			isa = PBXSourcesBuildPhase;
			buildActionMask = 2147483647;
			files = (
				ACACB5BC24FEC56300FF1D42 /* CalcNowTests.swift in Sources */,
			);
			runOnlyForDeploymentPostprocessing = 0;
		};
		ACACB5BE24FEC56300FF1D42 /* Sources */ = {
			isa = PBXSourcesBuildPhase;
			buildActionMask = 2147483647;
			files = (
				ACACB5C724FEC56300FF1D42 /* CalcNowUITests.swift in Sources */,
			);
			runOnlyForDeploymentPostprocessing = 0;
		};
/* End PBXSourcesBuildPhase section */

/* Begin PBXTargetDependency section */
		ACACB5B924FEC56300FF1D42 /* PBXTargetDependency */ = {
			isa = PBXTargetDependency;
			target = ACACB5A024FEC56000FF1D42 /* CalcNow */;
			targetProxy = ACACB5B824FEC56300FF1D42 /* PBXContainerItemProxy */;
		};
		ACACB5C424FEC56300FF1D42 /* PBXTargetDependency */ = {
			isa = PBXTargetDependency;
			target = ACACB5A024FEC56000FF1D42 /* CalcNow */;
			targetProxy = ACACB5C324FEC56300FF1D42 /* PBXContainerItemProxy */;
		};
/* End PBXTargetDependency section */

/* Begin PBXVariantGroup section */
		ACACB5AA24FEC56000FF1D42 /* Main.storyboard */ = {
			isa = PBXVariantGroup;
			children = (
				ACACB5AB24FEC56000FF1D42 /* Base */,
			);
			name = Main.storyboard;
			sourceTree = "<group>";
		};
		ACACB5AF24FEC56300FF1D42 /* LaunchScreen.storyboard */ = {
			isa = PBXVariantGroup;
			children = (
				ACACB5B024FEC56300FF1D42 /* Base */,
			);
			name = LaunchScreen.storyboard;
			sourceTree = "<group>";
		};
/* End PBXVariantGroup section */

/* Begin XCBuildConfiguration section */
		ACACB5C924FEC56300FF1D42 /* Debug */ = {
			isa = XCBuildConfiguration;
			buildSettings = {
				ALWAYS_SEARCH_USER_PATHS = NO;
				CLANG_ANALYZER_NONNULL = YES;
				CLANG_ANALYZER_NUMBER_OBJECT_CONVERSION = YES_AGGRESSIVE;
				CLANG_CXX_LANGUAGE_STANDARD = "gnu++14";
				CLANG_CXX_LIBRARY = "libc++";
				CLANG_ENABLE_MODULES = YES;
				CLANG_ENABLE_OBJC_ARC = YES;
				CLANG_ENABLE_OBJC_WEAK = YES;
				CLANG_WARN_BLOCK_CAPTURE_AUTORELEASING = YES;
				CLANG_WARN_BOOL_CONVERSION = YES;
				CLANG_WARN_COMMA = YES;
				CLANG_WARN_CONSTANT_CONVERSION = YES;
				CLANG_WARN_DEPRECATED_OBJC_IMPLEMENTATIONS = YES;
				CLANG_WARN_DIRECT_OBJC_ISA_USAGE = YES_ERROR;
				CLANG_WARN_DOCUMENTATION_COMMENTS = YES;
				CLANG_WARN_EMPTY_BODY = YES;
				CLANG_WARN_ENUM_CONVERSION = YES;
				CLANG_WARN_INFINITE_RECURSION = YES;
				CLANG_WARN_INT_CONVERSION = YES;
				CLANG_WARN_NON_LITERAL_NULL_CONVERSION = YES;
				CLANG_WARN_OBJC_IMPLICIT_RETAIN_SELF = YES;
				CLANG_WARN_OBJC_LITERAL_CONVERSION = YES;
				CLANG_WARN_OBJC_ROOT_CLASS = YES_ERROR;
				CLANG_WARN_RANGE_LOOP_ANALYSIS = YES;
				CLANG_WARN_STRICT_PROTOTYPES = YES;
				CLANG_WARN_SUSPICIOUS_MOVE = YES;
				CLANG_WARN_UNGUARDED_AVAILABILITY = YES_AGGRESSIVE;
				CLANG_WARN_UNREACHABLE_CODE = YES;
				CLANG_WARN__DUPLICATE_METHOD_MATCH = YES;
				COPY_PHASE_STRIP = NO;
				DEBUG_INFORMATION_FORMAT = dwarf;
				ENABLE_STRICT_OBJC_MSGSEND = YES;
				ENABLE_TESTABILITY = YES;
				GCC_C_LANGUAGE_STANDARD = gnu11;
				GCC_DYNAMIC_NO_PIC = NO;
				GCC_NO_COMMON_BLOCKS = YES;
				GCC_OPTIMIZATION_LEVEL = 0;
				GCC_PREPROCESSOR_DEFINITIONS = (
					"DEBUG=1",
					"$(inherited)",
				);
				GCC_WARN_64_TO_32_BIT_CONVERSION = YES;
				GCC_WARN_ABOUT_RETURN_TYPE = YES_ERROR;
				GCC_WARN_UNDECLARED_SELECTOR = YES;
				GCC_WARN_UNINITIALIZED_AUTOS = YES_AGGRESSIVE;
				GCC_WARN_UNUSED_FUNCTION = YES;
				GCC_WARN_UNUSED_VARIABLE = YES;
				IPHONEOS_DEPLOYMENT_TARGET = 13.6;
				MTL_ENABLE_DEBUG_INFO = INCLUDE_SOURCE;
				MTL_FAST_MATH = YES;
				ONLY_ACTIVE_ARCH = YES;
				SDKROOT = iphoneos;
				SWIFT_ACTIVE_COMPILATION_CONDITIONS = DEBUG;
				SWIFT_OPTIMIZATION_LEVEL = "-Onone";
			};
			name = Debug;
		};
		ACACB5CA24FEC56300FF1D42 /* Release */ = {
			isa = XCBuildConfiguration;
			buildSettings = {
				ALWAYS_SEARCH_USER_PATHS = NO;
				CLANG_ANALYZER_NONNULL = YES;
				CLANG_ANALYZER_NUMBER_OBJECT_CONVERSION = YES_AGGRESSIVE;
				CLANG_CXX_LANGUAGE_STANDARD = "gnu++14";
				CLANG_CXX_LIBRARY = "libc++";
				CLANG_ENABLE_MODULES = YES;
				CLANG_ENABLE_OBJC_ARC = YES;
				CLANG_ENABLE_OBJC_WEAK = YES;
				CLANG_WARN_BLOCK_CAPTURE_AUTORELEASING = YES;
				CLANG_WARN_BOOL_CONVERSION = YES;
				CLANG_WARN_COMMA = YES;
				CLANG_WARN_CONSTANT_CONVERSION = YES;
				CLANG_WARN_DEPRECATED_OBJC_IMPLEMENTATIONS = YES;
				CLANG_WARN_DIRECT_OBJC_ISA_USAGE = YES_ERROR;
				CLANG_WARN_DOCUMENTATION_COMMENTS = YES;
				CLANG_WARN_EMPTY_BODY = YES;
				CLANG_WARN_ENUM_CONVERSION = YES;
				CLANG_WARN_INFINITE_RECURSION = YES;
				CLANG_WARN_INT_CONVERSION = YES;
				CLANG_WARN_NON_LITERAL_NULL_CONVERSION = YES;
				CLANG_WARN_OBJC_IMPLICIT_RETAIN_SELF = YES;
				CLANG_WARN_OBJC_LITERAL_CONVERSION = YES;
				CLANG_WARN_OBJC_ROOT_CLASS = YES_ERROR;
				CLANG_WARN_RANGE_LOOP_ANALYSIS = YES;
				CLANG_WARN_STRICT_PROTOTYPES = YES;
				CLANG_WARN_SUSPICIOUS_MOVE = YES;
				CLANG_WARN_UNGUARDED_AVAILABILITY = YES_AGGRESSIVE;
				CLANG_WARN_UNREACHABLE_CODE = YES;
				CLANG_WARN__DUPLICATE_METHOD_MATCH = YES;
				COPY_PHASE_STRIP = NO;
				DEBUG_INFORMATION_FORMAT = "dwarf-with-dsym";
				ENABLE_NS_ASSERTIONS = NO;
				ENABLE_STRICT_OBJC_MSGSEND = YES;
				GCC_C_LANGUAGE_STANDARD = gnu11;
				GCC_NO_COMMON_BLOCKS = YES;
				GCC_WARN_64_TO_32_BIT_CONVERSION = YES;
				GCC_WARN_ABOUT_RETURN_TYPE = YES_ERROR;
				GCC_WARN_UNDECLARED_SELECTOR = YES;
				GCC_WARN_UNINITIALIZED_AUTOS = YES_AGGRESSIVE;
				GCC_WARN_UNUSED_FUNCTION = YES;
				GCC_WARN_UNUSED_VARIABLE = YES;
				IPHONEOS_DEPLOYMENT_TARGET = 13.6;
				MTL_ENABLE_DEBUG_INFO = NO;
				MTL_FAST_MATH = YES;
				SDKROOT = iphoneos;
				SWIFT_COMPILATION_MODE = wholemodule;
				SWIFT_OPTIMIZATION_LEVEL = "-O";
				VALIDATE_PRODUCT = YES;
			};
			name = Release;
		};
		ACACB5CC24FEC56300FF1D42 /* Debug */ = {
			isa = XCBuildConfiguration;
			buildSettings = {
				ASSETCATALOG_COMPILER_APPICON_NAME = AppIcon;
				CODE_SIGN_STYLE = Automatic;
				INFOPLIST_FILE = CalcNow/Info.plist;
				LD_RUNPATH_SEARCH_PATHS = (
					"$(inherited)",
					"@executable_path/Frameworks",
				);
				PRODUCT_BUNDLE_IDENTIFIER = filippofonseca.CalcNow;
				PRODUCT_NAME = "$(TARGET_NAME)";
				SWIFT_VERSION = 5.0;
				TARGETED_DEVICE_FAMILY = "1,2";
			};
			name = Debug;
		};
		ACACB5CD24FEC56300FF1D42 /* Release */ = {
			isa = XCBuildConfiguration;
			buildSettings = {
				ASSETCATALOG_COMPILER_APPICON_NAME = AppIcon;
				CODE_SIGN_STYLE = Automatic;
				INFOPLIST_FILE = CalcNow/Info.plist;
				LD_RUNPATH_SEARCH_PATHS = (
					"$(inherited)",
					"@executable_path/Frameworks",
				);
				PRODUCT_BUNDLE_IDENTIFIER = filippofonseca.CalcNow;
				PRODUCT_NAME = "$(TARGET_NAME)";
				SWIFT_VERSION = 5.0;
				TARGETED_DEVICE_FAMILY = "1,2";
			};
			name = Release;
		};
		ACACB5CF24FEC56300FF1D42 /* Debug */ = {
			isa = XCBuildConfiguration;
			buildSettings = {
				ALWAYS_EMBED_SWIFT_STANDARD_LIBRARIES = YES;
				BUNDLE_LOADER = "$(TEST_HOST)";
				CODE_SIGN_STYLE = Automatic;
				INFOPLIST_FILE = CalcNowTests/Info.plist;
				IPHONEOS_DEPLOYMENT_TARGET = 13.6;
				LD_RUNPATH_SEARCH_PATHS = (
					"$(inherited)",
					"@executable_path/Frameworks",
					"@loader_path/Frameworks",
				);
				PRODUCT_BUNDLE_IDENTIFIER = filippofonseca.CalcNowTests;
				PRODUCT_NAME = "$(TARGET_NAME)";
				SWIFT_VERSION = 5.0;
				TARGETED_DEVICE_FAMILY = "1,2";
				TEST_HOST = "$(BUILT_PRODUCTS_DIR)/CalcNow.app/CalcNow";
			};
			name = Debug;
		};
		ACACB5D024FEC56300FF1D42 /* Release */ = {
			isa = XCBuildConfiguration;
			buildSettings = {
				ALWAYS_EMBED_SWIFT_STANDARD_LIBRARIES = YES;
				BUNDLE_LOADER = "$(TEST_HOST)";
				CODE_SIGN_STYLE = Automatic;
				INFOPLIST_FILE = CalcNowTests/Info.plist;
				IPHONEOS_DEPLOYMENT_TARGET = 13.6;
				LD_RUNPATH_SEARCH_PATHS = (
					"$(inherited)",
					"@executable_path/Frameworks",
					"@loader_path/Frameworks",
				);
				PRODUCT_BUNDLE_IDENTIFIER = filippofonseca.CalcNowTests;
				PRODUCT_NAME = "$(TARGET_NAME)";
				SWIFT_VERSION = 5.0;
				TARGETED_DEVICE_FAMILY = "1,2";
				TEST_HOST = "$(BUILT_PRODUCTS_DIR)/CalcNow.app/CalcNow";
			};
			name = Release;
		};
		ACACB5D224FEC56300FF1D42 /* Debug */ = {
			isa = XCBuildConfiguration;
			buildSettings = {
				ALWAYS_EMBED_SWIFT_STANDARD_LIBRARIES = YES;
				CODE_SIGN_STYLE = Automatic;
				INFOPLIST_FILE = CalcNowUITests/Info.plist;
				LD_RUNPATH_SEARCH_PATHS = (
					"$(inherited)",
					"@executable_path/Frameworks",
					"@loader_path/Frameworks",
				);
				PRODUCT_BUNDLE_IDENTIFIER = filippofonseca.CalcNowUITests;
				PRODUCT_NAME = "$(TARGET_NAME)";
				SWIFT_VERSION = 5.0;
				TARGETED_DEVICE_FAMILY = "1,2";
				TEST_TARGET_NAME = CalcNow;
			};
			name = Debug;
		};
		ACACB5D324FEC56300FF1D42 /* Release */ = {
			isa = XCBuildConfiguration;
			buildSettings = {
				ALWAYS_EMBED_SWIFT_STANDARD_LIBRARIES = YES;
				CODE_SIGN_STYLE = Automatic;
				INFOPLIST_FILE = CalcNowUITests/Info.plist;
				LD_RUNPATH_SEARCH_PATHS = (
					"$(inherited)",
					"@executable_path/Frameworks",
					"@loader_path/Frameworks",
				);
				PRODUCT_BUNDLE_IDENTIFIER = filippofonseca.CalcNowUITests;
				PRODUCT_NAME = "$(TARGET_NAME)";
				SWIFT_VERSION = 5.0;
				TARGETED_DEVICE_FAMILY = "1,2";
				TEST_TARGET_NAME = CalcNow;
			};
			name = Release;
		};
/* End XCBuildConfiguration section */

/* Begin XCConfigurationList section */
		ACACB59C24FEC56000FF1D42 /* Build configuration list for PBXProject "CalcNow" */ = {
			isa = XCConfigurationList;
			buildConfigurations = (
				ACACB5C924FEC56300FF1D42 /* Debug */,
				ACACB5CA24FEC56300FF1D42 /* Release */,
			);
			defaultConfigurationIsVisible = 0;
			defaultConfigurationName = Release;
		};
		ACACB5CB24FEC56300FF1D42 /* Build configuration list for PBXNativeTarget "CalcNow" */ = {
			isa = XCConfigurationList;
			buildConfigurations = (
				ACACB5CC24FEC56300FF1D42 /* Debug */,
				ACACB5CD24FEC56300FF1D42 /* Release */,
			);
			defaultConfigurationIsVisible = 0;
			defaultConfigurationName = Release;
		};
		ACACB5CE24FEC56300FF1D42 /* Build configuration list for PBXNativeTarget "CalcNowTests" */ = {
			isa = XCConfigurationList;
			buildConfigurations = (
				ACACB5CF24FEC56300FF1D42 /* Debug */,
				ACACB5D024FEC56300FF1D42 /* Release */,
			);
			defaultConfigurationIsVisible = 0;
			defaultConfigurationName = Release;
		};
		ACACB5D124FEC56300FF1D42 /* Build configuration list for PBXNativeTarget "CalcNowUITests" */ = {
			isa = XCConfigurationList;
			buildConfigurations = (
				ACACB5D224FEC56300FF1D42 /* Debug */,
				ACACB5D324FEC56300FF1D42 /* Release */,
			);
			defaultConfigurationIsVisible = 0;
			defaultConfigurationName = Release;
		};
/* End XCConfigurationList section */
	};
	rootObject = ACACB59924FEC56000FF1D42 /* Project object */;
}
